
Microsoft Visual Studio Solution File, Format Version 12.00
# Visual Studio Version 16
VisualStudioVersion = 16.0.32002.261
MinimumVisualStudioVersion = 10.0.40219.1
Project("{9A19103F-16F7-4668-BE54-9A1E7A4F7556}") = "AstarLibrary", "AstarLibrary.csproj", "{53CA20D1-2D36-400F-B061-71159278A987}"
EndProject
Global
	GlobalSection(SolutionConfigurationPlatforms) = preSolution
		Debug|Any CPU = Debug|Any CPU
		Release|Any CPU = Release|Any CPU
	EndGlobalSection
	GlobalSection(ProjectConfigurationPlatforms) = postSolution
		{53CA20D1-2D36-400F-B061-71159278A987}.Debug|Any CPU.ActiveCfg = Debug|Any CPU
		{53CA20D1-2D36-400F-B061-71159278A987}.Debug|Any CPU.Build.0 = Debug|Any CPU
		{53CA20D1-2D36-400F-B061-71159278A987}.Release|Any CPU.ActiveCfg = Release|Any CPU
		{53CA20D1-2D36-400F-B061-71159278A987}.Release|Any CPU.Build.0 = Release|Any CPU
	EndGlobalSection
	GlobalSection(SolutionProperties) = preSolution
		HideSolutionNode = FALSE
	EndGlobalSection
	GlobalSection(ExtensibilityGlobals) = postSolution
		SolutionGuid = {B52D3A16-DF1D-4AF0-8D4F-343F12EC34F6}
	EndGlobalSection
EndGlobal
